
Microsoft Visual Studio Solution File, Format Version 12.00
# Visual Studio Version 16
VisualStudioVersion = 16.0.29519.181
MinimumVisualStudioVersion = 10.0.40219.1
Project("{FAE04EC0-301F-11D3-BF4B-00C04F79EFBC}") = "IPB_Końcowy", "IPB_Końcowy\IPB_Końcowy.csproj", "{37AC9497-A5AC-4CA8-AD42-9A361D8F21F2}"
EndProject
Global
	GlobalSection(SolutionConfigurationPlatforms) = preSolution
		Debug|Any CPU = Debug|Any CPU
		Release|Any CPU = Release|Any CPU
	EndGlobalSection
	GlobalSection(ProjectConfigurationPlatforms) = postSolution
		{37AC9497-A5AC-4CA8-AD42-9A361D8F21F2}.Debug|Any CPU.ActiveCfg = Debug|Any CPU
		{37AC9497-A5AC-4CA8-AD42-9A361D8F21F2}.Debug|Any CPU.Build.0 = Debug|Any CPU
		{37AC9497-A5AC-4CA8-AD42-9A361D8F21F2}.Release|Any CPU.ActiveCfg = Release|Any CPU
		{37AC9497-A5AC-4CA8-AD42-9A361D8F21F2}.Release|Any CPU.Build.0 = Release|Any CPU
	EndGlobalSection
	GlobalSection(SolutionProperties) = preSolution
		HideSolutionNode = FALSE
	EndGlobalSection
	GlobalSection(ExtensibilityGlobals) = postSolution
		SolutionGuid = {6D309C67-00CB-4244-8304-F8E0C8DF4417}
	EndGlobalSection
EndGlobal
